
Microsoft Visual Studio Solution File, Format Version 12.00
# Visual Studio Version 16
VisualStudioVersion = 16.0.28803.202
MinimumVisualStudioVersion = 10.0.40219.1
Project("{FAE04EC0-301F-11D3-BF4B-00C04F79EFBC}") = "If Statements Challenge 2", "If Statements Challenge 2\If Statements Challenge 2.csproj", "{C3F710E2-30E6-4EF2-B6E8-2368FEC435A7}"
EndProject
Global
	GlobalSection(SolutionConfigurationPlatforms) = preSolution
		Debug|Any CPU = Debug|Any CPU
		Release|Any CPU = Release|Any CPU
	EndGlobalSection
	GlobalSection(ProjectConfigurationPlatforms) = postSolution
		{C3F710E2-30E6-4EF2-B6E8-2368FEC435A7}.Debug|Any CPU.ActiveCfg = Debug|Any CPU
		{C3F710E2-30E6-4EF2-B6E8-2368FEC435A7}.Debug|Any CPU.Build.0 = Debug|Any CPU
		{C3F710E2-30E6-4EF2-B6E8-2368FEC435A7}.Release|Any CPU.ActiveCfg = Release|Any CPU
		{C3F710E2-30E6-4EF2-B6E8-2368FEC435A7}.Release|Any CPU.Build.0 = Release|Any CPU
	EndGlobalSection
	GlobalSection(SolutionProperties) = preSolution
		HideSolutionNode = FALSE
	EndGlobalSection
	GlobalSection(ExtensibilityGlobals) = postSolution
		SolutionGuid = {E9B789A1-FE68-479F-8F4C-E74B6EDAB8F1}
	EndGlobalSection
EndGlobal
